
Microsoft Visual Studio Solution File, Format Version 12.00
Project("{FAE04EC0-301F-11D3-BF4B-00C04F79EFBC}") = "CookieCookbook", "CookieCookbook\CookieCookbook.csproj", "{D1D454B2-E410-4378-B518-D39E38BD724F}"
EndProject
Global
	GlobalSection(SolutionConfigurationPlatforms) = preSolution
		Debug|Any CPU = Debug|Any CPU
		Release|Any CPU = Release|Any CPU
	EndGlobalSection
	GlobalSection(ProjectConfigurationPlatforms) = postSolution
		{D1D454B2-E410-4378-B518-D39E38BD724F}.Debug|Any CPU.ActiveCfg = Debug|Any CPU
		{D1D454B2-E410-4378-B518-D39E38BD724F}.Debug|Any CPU.Build.0 = Debug|Any CPU
		{D1D454B2-E410-4378-B518-D39E38BD724F}.Release|Any CPU.ActiveCfg = Release|Any CPU
		{D1D454B2-E410-4378-B518-D39E38BD724F}.Release|Any CPU.Build.0 = Release|Any CPU
	EndGlobalSection
EndGlobal
